// !$*UTF8*$!
{
	archiveVersion = 1;
	classes = {
	};
	objectVersion = 46;
	objects = {

/* Begin PBXBuildFile section */
		4D145CCD2826236500D9EB38 /* MuAppDelegate.m in Sources */ = {isa = PBXBuildFile; fileRef = 4D145CA42826236500D9EB38 /* MuAppDelegate.m */; };
		4D145CCE2826236500D9EB38 /* common.m in Sources */ = {isa = PBXBuildFile; fileRef = 4D145CA72826236500D9EB38 /* common.m */; };
		4D145CCF2826236500D9EB38 /* MuPageViewNormal.m in Sources */ = {isa = PBXBuildFile; fileRef = 4D145CA82826236500D9EB38 /* MuPageViewNormal.m */; };
		4D145CD02826236500D9EB38 /* MuDocumentController.m in Sources */ = {isa = PBXBuildFile; fileRef = 4D145CA92826236500D9EB38 /* MuDocumentController.m */; };
		4D145CD12826236500D9EB38 /* MuWord.m in Sources */ = {isa = PBXBuildFile; fileRef = 4D145CAB2826236500D9EB38 /* MuWord.m */; };
		4D145CD22826236500D9EB38 /* MuHitView.m in Sources */ = {isa = PBXBuildFile; fileRef = 4D145CAC2826236500D9EB38 /* MuHitView.m */; };
		4D145CD32826236500D9EB38 /* MuTextSelectView.m in Sources */ = {isa = PBXBuildFile; fileRef = 4D145CAE2826236500D9EB38 /* MuTextSelectView.m */; };
		4D145CD42826236500D9EB38 /* MuChoiceFieldController.xib in Resources */ = {isa = PBXBuildFile; fileRef = 4D145CAF2826236500D9EB38 /* MuChoiceFieldController.xib */; };
		4D145CD52826236500D9EB38 /* MuAnnotSelectView.m in Sources */ = {isa = PBXBuildFile; fileRef = 4D145CB02826236500D9EB38 /* MuAnnotSelectView.m */; };
		4D145CD62826236500D9EB38 /* MuOutlineController.m in Sources */ = {isa = PBXBuildFile; fileRef = 4D145CB12826236500D9EB38 /* MuOutlineController.m */; };
		4D145CD72826236500D9EB38 /* MuDocRef.m in Sources */ = {isa = PBXBuildFile; fileRef = 4D145CB22826236500D9EB38 /* MuDocRef.m */; };
		4D145CD82826236500D9EB38 /* MuPrintPageRenderer.m in Sources */ = {isa = PBXBuildFile; fileRef = 4D145CB52826236500D9EB38 /* MuPrintPageRenderer.m */; };
		4D145CD92826236500D9EB38 /* MuAnnotation.m in Sources */ = {isa = PBXBuildFile; fileRef = 4D145CBA2826236500D9EB38 /* MuAnnotation.m */; };
		4D145CDA2826236500D9EB38 /* MuTextFieldController.xib in Resources */ = {isa = PBXBuildFile; fileRef = 4D145CBD2826236500D9EB38 /* MuTextFieldController.xib */; };
		4D145CDB2826236500D9EB38 /* MuTextFieldController.m in Sources */ = {isa = PBXBuildFile; fileRef = 4D145CBF2826236500D9EB38 /* MuTextFieldController.m */; };
		4D145CDC2826236500D9EB38 /* MuPageViewReflow.m in Sources */ = {isa = PBXBuildFile; fileRef = 4D145CC12826236500D9EB38 /* MuPageViewReflow.m */; };
		4D145CDD2826236500D9EB38 /* MuTapResult.m in Sources */ = {isa = PBXBuildFile; fileRef = 4D145CC62826236500D9EB38 /* MuTapResult.m */; };
		4D145CDE2826236500D9EB38 /* MuLibraryController.m in Sources */ = {isa = PBXBuildFile; fileRef = 4D145CC72826236500D9EB38 /* MuLibraryController.m */; };
		4D145CDF2826236500D9EB38 /* MuChoiceFieldController.m in Sources */ = {isa = PBXBuildFile; fileRef = 4D145CCB2826236500D9EB38 /* MuChoiceFieldController.m */; };
		4D145CE02826236500D9EB38 /* MuInkView.m in Sources */ = {isa = PBXBuildFile; fileRef = 4D145CCC2826236500D9EB38 /* MuInkView.m */; };
		7C6152E819DDD6A90095ECAC /* Images.xcassets in Resources */ = {isa = PBXBuildFile; fileRef = 7C6152E719DDD6A90095ECAC /* Images.xcassets */; };
		7C6152EA19DDF05B0095ECAC /* Launch Screen.xib in Resources */ = {isa = PBXBuildFile; fileRef = 7C6152E919DDF05B0095ECAC /* Launch Screen.xib */; };
		96C8ED011779A88E00A30AF4 /* main.m in Sources */ = {isa = PBXBuildFile; fileRef = 96C8ED001779A88E00A30AF4 /* main.m */; };
		96C8ED1B1779A9AF00A30AF4 /* libmupdfthird.a in Frameworks */ = {isa = PBXBuildFile; fileRef = 96C8ED141779A9AE00A30AF4 /* libmupdfthird.a */; };
		96C8ED1C1779A9AF00A30AF4 /* libmupdf.a in Frameworks */ = {isa = PBXBuildFile; fileRef = 96C8ED151779A9AE00A30AF4 /* libmupdf.a */; };
		96E1CDF31779A60700FCF717 /* x_alt_blue.png in Resources */ = {isa = PBXBuildFile; fileRef = 96E1CDEC1779A60700FCF717 /* x_alt_blue.png */; };
		96E1CDF41779A60700FCF717 /* x_alt_blue@2x.png in Resources */ = {isa = PBXBuildFile; fileRef = 96E1CDED1779A60700FCF717 /* x_alt_blue@2x.png */; };
		DA442E2D183B796F008EF49B /* ic_pen.png in Resources */ = {isa = PBXBuildFile; fileRef = DA442E2C183B796F008EF49B /* ic_pen.png */; };
		DA7AAA3B18E4683600A577E3 /* ic_annotation.png in Resources */ = {isa = PBXBuildFile; fileRef = DA7AAA3A18E45FA300A577E3 /* ic_annotation.png */; };
		DA7AAA3C18E4683600A577E3 /* ic_print.png in Resources */ = {isa = PBXBuildFile; fileRef = DA32FC7218E33CC7001D7902 /* ic_print.png */; };
		DAB9F4BB17F1B24000117D2E /* ic_arrow_left.png in Resources */ = {isa = PBXBuildFile; fileRef = DAB9F4B517F1B24000117D2E /* ic_arrow_left.png */; };
		DAB9F4BC17F1B24000117D2E /* ic_arrow_right.png in Resources */ = {isa = PBXBuildFile; fileRef = DAB9F4B617F1B24000117D2E /* ic_arrow_right.png */; };
		DAB9F4BD17F1B24000117D2E /* ic_cancel.png in Resources */ = {isa = PBXBuildFile; fileRef = DAB9F4B717F1B24000117D2E /* ic_cancel.png */; };
		DAB9F4BE17F1B24000117D2E /* ic_link.png in Resources */ = {isa = PBXBuildFile; fileRef = DAB9F4B817F1B24000117D2E /* ic_link.png */; };
		DAB9F4BF17F1B24000117D2E /* ic_list.png in Resources */ = {isa = PBXBuildFile; fileRef = DAB9F4B917F1B24000117D2E /* ic_list.png */; };
		DAB9F4C017F1B24000117D2E /* ic_magnifying_glass.png in Resources */ = {isa = PBXBuildFile; fileRef = DAB9F4BA17F1B24000117D2E /* ic_magnifying_glass.png */; };
		DAB9F4C217F1CB6D00117D2E /* ic_reflow.png in Resources */ = {isa = PBXBuildFile; fileRef = DAB9F4C117F1CB6D00117D2E /* ic_reflow.png */; };
		DACD12271833CDA600D4B9C5 /* ic_check.png in Resources */ = {isa = PBXBuildFile; fileRef = DACD12261833CDA600D4B9C5 /* ic_check.png */; };
		DAD47D2A1832475C00E173A0 /* ic_more.png in Resources */ = {isa = PBXBuildFile; fileRef = DAD47D291832475C00E173A0 /* ic_more.png */; };
		DAD47D2E1832615900E173A0 /* ic_highlight.png in Resources */ = {isa = PBXBuildFile; fileRef = DAD47D2B1832615900E173A0 /* ic_highlight.png */; };
		DAD47D2F1832615900E173A0 /* ic_strike.png in Resources */ = {isa = PBXBuildFile; fileRef = DAD47D2C1832615900E173A0 /* ic_strike.png */; };
		DAD47D301832615900E173A0 /* ic_underline.png in Resources */ = {isa = PBXBuildFile; fileRef = DAD47D2D1832615900E173A0 /* ic_underline.png */; };
		DAD72804183E6F33005C14FA /* ic_trash.png in Resources */ = {isa = PBXBuildFile; fileRef = DAD72803183E6F33005C14FA /* ic_trash.png */; };
		DADF824D1905242800855662 /* ic_share.png in Resources */ = {isa = PBXBuildFile; fileRef = DADF824C1905241900855662 /* ic_share.png */; };
/* End PBXBuildFile section */

/* Begin PBXContainerItemProxy section */
		963AD8CF17D60084000B0779 /* PBXContainerItemProxy */ = {
			isa = PBXContainerItemProxy;
			containerPortal = 968E1E351779A54F0050CEA3 /* Project object */;
			proxyType = 1;
			remoteGlobalIDString = 963AD8CB17D5FFD9000B0779;
			remoteInfo = Generate;
		};
/* End PBXContainerItemProxy section */

/* Begin PBXFileReference section */
		4D145CA32826236500D9EB38 /* MuAppDelegate.h */ = {isa = PBXFileReference; fileEncoding = 4; lastKnownFileType = sourcecode.c.h; path = MuAppDelegate.h; sourceTree = "<group>"; };
		4D145CA42826236500D9EB38 /* MuAppDelegate.m */ = {isa = PBXFileReference; fileEncoding = 4; lastKnownFileType = sourcecode.c.objc; path = MuAppDelegate.m; sourceTree = "<group>"; };
		4D145CA62826236500D9EB38 /* MuTextFieldController.h */ = {isa = PBXFileReference; fileEncoding = 4; lastKnownFileType = sourcecode.c.h; path = MuTextFieldController.h; sourceTree = "<group>"; };
		4D145CA72826236500D9EB38 /* common.m */ = {isa = PBXFileReference; fileEncoding = 4; lastKnownFileType = sourcecode.c.objc; path = common.m; sourceTree = "<group>"; };
		4D145CA82826236500D9EB38 /* MuPageViewNormal.m */ = {isa = PBXFileReference; fileEncoding = 4; lastKnownFileType = sourcecode.c.objc; path = MuPageViewNormal.m; sourceTree = "<group>"; };
		4D145CA92826236500D9EB38 /* MuDocumentController.m */ = {isa = PBXFileReference; fileEncoding = 4; lastKnownFileType = sourcecode.c.objc; path = MuDocumentController.m; sourceTree = "<group>"; };
		4D145CAA2826236500D9EB38 /* MuAnnotation.h */ = {isa = PBXFileReference; fileEncoding = 4; lastKnownFileType = sourcecode.c.h; path = MuAnnotation.h; sourceTree = "<group>"; };
		4D145CAB2826236500D9EB38 /* MuWord.m */ = {isa = PBXFileReference; fileEncoding = 4; lastKnownFileType = sourcecode.c.objc; path = MuWord.m; sourceTree = "<group>"; };
		4D145CAC2826236500D9EB38 /* MuHitView.m */ = {isa = PBXFileReference; fileEncoding = 4; lastKnownFileType = sourcecode.c.objc; path = MuHitView.m; sourceTree = "<group>"; };
		4D145CAD2826236500D9EB38 /* MuPageViewReflow.h */ = {isa = PBXFileReference; fileEncoding = 4; lastKnownFileType = sourcecode.c.h; path = MuPageViewReflow.h; sourceTree = "<group>"; };
		4D145CAE2826236500D9EB38 /* MuTextSelectView.m */ = {isa = PBXFileReference; fileEncoding = 4; lastKnownFileType = sourcecode.c.objc; path = MuTextSelectView.m; sourceTree = "<group>"; };
		4D145CAF2826236500D9EB38 /* MuChoiceFieldController.xib */ = {isa = PBXFileReference; fileEncoding = 4; lastKnownFileType = file.xib; path = MuChoiceFieldController.xib; sourceTree = "<group>"; };
		4D145CB02826236500D9EB38 /* MuAnnotSelectView.m */ = {isa = PBXFileReference; fileEncoding = 4; lastKnownFileType = sourcecode.c.objc; path = MuAnnotSelectView.m; sourceTree = "<group>"; };
		4D145CB12826236500D9EB38 /* MuOutlineController.m */ = {isa = PBXFileReference; fileEncoding = 4; lastKnownFileType = sourcecode.c.objc; path = MuOutlineController.m; sourceTree = "<group>"; };
		4D145CB22826236500D9EB38 /* MuDocRef.m */ = {isa = PBXFileReference; fileEncoding = 4; lastKnownFileType = sourcecode.c.objc; path = MuDocRef.m; sourceTree = "<group>"; };
		4D145CB32826236500D9EB38 /* MuLibraryController.h */ = {isa = PBXFileReference; fileEncoding = 4; lastKnownFileType = sourcecode.c.h; path = MuLibraryController.h; sourceTree = "<group>"; };
		4D145CB42826236500D9EB38 /* MuTapResult.h */ = {isa = PBXFileReference; fileEncoding = 4; lastKnownFileType = sourcecode.c.h; path = MuTapResult.h; sourceTree = "<group>"; };
		4D145CB52826236500D9EB38 /* MuPrintPageRenderer.m */ = {isa = PBXFileReference; fileEncoding = 4; lastKnownFileType = sourcecode.c.objc; path = MuPrintPageRenderer.m; sourceTree = "<group>"; };
		4D145CB62826236500D9EB38 /* MuPageView.h */ = {isa = PBXFileReference; fileEncoding = 4; lastKnownFileType = sourcecode.c.h; path = MuPageView.h; sourceTree = "<group>"; };
		4D145CB72826236500D9EB38 /* MuInkView.h */ = {isa = PBXFileReference; fileEncoding = 4; lastKnownFileType = sourcecode.c.h; path = MuInkView.h; sourceTree = "<group>"; };
		4D145CB82826236500D9EB38 /* MuChoiceFieldController.h */ = {isa = PBXFileReference; fileEncoding = 4; lastKnownFileType = sourcecode.c.h; path = MuChoiceFieldController.h; sourceTree = "<group>"; };
		4D145CB92826236500D9EB38 /* MuDialogCreator.h */ = {isa = PBXFileReference; fileEncoding = 4; lastKnownFileType = sourcecode.c.h; path = MuDialogCreator.h; sourceTree = "<group>"; };
		4D145CBA2826236500D9EB38 /* MuAnnotation.m */ = {isa = PBXFileReference; fileEncoding = 4; lastKnownFileType = sourcecode.c.objc; path = MuAnnotation.m; sourceTree = "<group>"; };
		4D145CBB2826236500D9EB38 /* MuDocumentController.h */ = {isa = PBXFileReference; fileEncoding = 4; lastKnownFileType = sourcecode.c.h; path = MuDocumentController.h; sourceTree = "<group>"; };
		4D145CBC2826236500D9EB38 /* MuPageViewNormal.h */ = {isa = PBXFileReference; fileEncoding = 4; lastKnownFileType = sourcecode.c.h; path = MuPageViewNormal.h; sourceTree = "<group>"; };
		4D145CBD2826236500D9EB38 /* MuTextFieldController.xib */ = {isa = PBXFileReference; fileEncoding = 4; lastKnownFileType = file.xib; path = MuTextFieldController.xib; sourceTree = "<group>"; };
		4D145CBE2826236500D9EB38 /* common.h */ = {isa = PBXFileReference; fileEncoding = 4; lastKnownFileType = sourcecode.c.h; path = common.h; sourceTree = "<group>"; };
		4D145CBF2826236500D9EB38 /* MuTextFieldController.m */ = {isa = PBXFileReference; fileEncoding = 4; lastKnownFileType = sourcecode.c.objc; path = MuTextFieldController.m; sourceTree = "<group>"; };
		4D145CC02826236500D9EB38 /* MuUpdater.h */ = {isa = PBXFileReference; fileEncoding = 4; lastKnownFileType = sourcecode.c.h; path = MuUpdater.h; sourceTree = "<group>"; };
		4D145CC12826236500D9EB38 /* MuPageViewReflow.m */ = {isa = PBXFileReference; fileEncoding = 4; lastKnownFileType = sourcecode.c.objc; path = MuPageViewReflow.m; sourceTree = "<group>"; };
		4D145CC22826236500D9EB38 /* MuTextSelectView.h */ = {isa = PBXFileReference; fileEncoding = 4; lastKnownFileType = sourcecode.c.h; path = MuTextSelectView.h; sourceTree = "<group>"; };
		4D145CC32826236500D9EB38 /* MuHitView.h */ = {isa = PBXFileReference; fileEncoding = 4; lastKnownFileType = sourcecode.c.h; path = MuHitView.h; sourceTree = "<group>"; };
		4D145CC42826236500D9EB38 /* MuWord.h */ = {isa = PBXFileReference; fileEncoding = 4; lastKnownFileType = sourcecode.c.h; path = MuWord.h; sourceTree = "<group>"; };
		4D145CC52826236500D9EB38 /* MuPrintPageRenderer.h */ = {isa = PBXFileReference; fileEncoding = 4; lastKnownFileType = sourcecode.c.h; path = MuPrintPageRenderer.h; sourceTree = "<group>"; };
		4D145CC62826236500D9EB38 /* MuTapResult.m */ = {isa = PBXFileReference; fileEncoding = 4; lastKnownFileType = sourcecode.c.objc; path = MuTapResult.m; sourceTree = "<group>"; };
		4D145CC72826236500D9EB38 /* MuLibraryController.m */ = {isa = PBXFileReference; fileEncoding = 4; lastKnownFileType = sourcecode.c.objc; path = MuLibraryController.m; sourceTree = "<group>"; };
		4D145CC82826236500D9EB38 /* MuDocRef.h */ = {isa = PBXFileReference; fileEncoding = 4; lastKnownFileType = sourcecode.c.h; path = MuDocRef.h; sourceTree = "<group>"; };
		4D145CC92826236500D9EB38 /* MuOutlineController.h */ = {isa = PBXFileReference; fileEncoding = 4; lastKnownFileType = sourcecode.c.h; path = MuOutlineController.h; sourceTree = "<group>"; };
		4D145CCA2826236500D9EB38 /* MuAnnotSelectView.h */ = {isa = PBXFileReference; fileEncoding = 4; lastKnownFileType = sourcecode.c.h; path = MuAnnotSelectView.h; sourceTree = "<group>"; };
		4D145CCB2826236500D9EB38 /* MuChoiceFieldController.m */ = {isa = PBXFileReference; fileEncoding = 4; lastKnownFileType = sourcecode.c.objc; path = MuChoiceFieldController.m; sourceTree = "<group>"; };
		4D145CCC2826236500D9EB38 /* MuInkView.m */ = {isa = PBXFileReference; fileEncoding = 4; lastKnownFileType = sourcecode.c.objc; path = MuInkView.m; sourceTree = "<group>"; };
		7C6152E719DDD6A90095ECAC /* Images.xcassets */ = {isa = PBXFileReference; lastKnownFileType = folder.assetcatalog; name = Images.xcassets; path = MuPDF/Images.xcassets; sourceTree = "<group>"; };
		7C6152E919DDF05B0095ECAC /* Launch Screen.xib */ = {isa = PBXFileReference; fileEncoding = 4; lastKnownFileType = file.xib; name = "Launch Screen.xib"; path = "MuPDF/Launch Screen.xib"; sourceTree = "<group>"; };
		968E1E3D1779A54F0050CEA3 /* MuPDF.app */ = {isa = PBXFileReference; explicitFileType = wrapper.application; includeInIndex = 0; path = MuPDF.app; sourceTree = BUILT_PRODUCTS_DIR; };
		968E1E481779A54F0050CEA3 /* Info.plist */ = {isa = PBXFileReference; lastKnownFileType = text.plist; path = Info.plist; sourceTree = "<group>"; };
		96C8ED001779A88E00A30AF4 /* main.m */ = {isa = PBXFileReference; fileEncoding = 4; lastKnownFileType = sourcecode.c.objc; path = main.m; sourceTree = "<group>"; };
		96C8ED141779A9AE00A30AF4 /* libmupdfthird.a */ = {isa = PBXFileReference; lastKnownFileType = archive.ar; path = libmupdfthird.a; sourceTree = BUILT_PRODUCTS_DIR; };
		96C8ED151779A9AE00A30AF4 /* libmupdf.a */ = {isa = PBXFileReference; lastKnownFileType = archive.ar; path = libmupdf.a; sourceTree = BUILT_PRODUCTS_DIR; };
		96E1CDEC1779A60700FCF717 /* x_alt_blue.png */ = {isa = PBXFileReference; lastKnownFileType = image.png; path = x_alt_blue.png; sourceTree = "<group>"; };
		96E1CDED1779A60700FCF717 /* x_alt_blue@2x.png */ = {isa = PBXFileReference; lastKnownFileType = image.png; path = "x_alt_blue@2x.png"; sourceTree = "<group>"; };
		DA32FC7218E33CC7001D7902 /* ic_print.png */ = {isa = PBXFileReference; lastKnownFileType = image.png; name = ic_print.png; path = resources/ic_print.png; sourceTree = "<group>"; };
		DA442E2C183B796F008EF49B /* ic_pen.png */ = {isa = PBXFileReference; lastKnownFileType = image.png; name = ic_pen.png; path = resources/ic_pen.png; sourceTree = "<group>"; };
		DA7AAA3A18E45FA300A577E3 /* ic_annotation.png */ = {isa = PBXFileReference; lastKnownFileType = image.png; name = ic_annotation.png; path = resources/ic_annotation.png; sourceTree = "<group>"; };
		DAB9F4B517F1B24000117D2E /* ic_arrow_left.png */ = {isa = PBXFileReference; lastKnownFileType = image.png; name = ic_arrow_left.png; path = resources/ic_arrow_left.png; sourceTree = "<group>"; };
		DAB9F4B617F1B24000117D2E /* ic_arrow_right.png */ = {isa = PBXFileReference; lastKnownFileType = image.png; name = ic_arrow_right.png; path = resources/ic_arrow_right.png; sourceTree = "<group>"; };
		DAB9F4B717F1B24000117D2E /* ic_cancel.png */ = {isa = PBXFileReference; lastKnownFileType = image.png; name = ic_cancel.png; path = resources/ic_cancel.png; sourceTree = "<group>"; };
		DAB9F4B817F1B24000117D2E /* ic_link.png */ = {isa = PBXFileReference; lastKnownFileType = image.png; name = ic_link.png; path = resources/ic_link.png; sourceTree = "<group>"; };
		DAB9F4B917F1B24000117D2E /* ic_list.png */ = {isa = PBXFileReference; lastKnownFileType = image.png; name = ic_list.png; path = resources/ic_list.png; sourceTree = "<group>"; };
		DAB9F4BA17F1B24000117D2E /* ic_magnifying_glass.png */ = {isa = PBXFileReference; lastKnownFileType = image.png; name = ic_magnifying_glass.png; path = resources/ic_magnifying_glass.png; sourceTree = "<group>"; };
		DAB9F4C117F1CB6D00117D2E /* ic_reflow.png */ = {isa = PBXFileReference; lastKnownFileType = image.png; name = ic_reflow.png; path = resources/ic_reflow.png; sourceTree = "<group>"; };
		DACD12261833CDA600D4B9C5 /* ic_check.png */ = {isa = PBXFileReference; lastKnownFileType = image.png; name = ic_check.png; path = resources/ic_check.png; sourceTree = "<group>"; };
		DAD47D291832475C00E173A0 /* ic_more.png */ = {isa = PBXFileReference; lastKnownFileType = image.png; name = ic_more.png; path = resources/ic_more.png; sourceTree = "<group>"; };
		DAD47D2B1832615900E173A0 /* ic_highlight.png */ = {isa = PBXFileReference; lastKnownFileType = image.png; name = ic_highlight.png; path = resources/ic_highlight.png; sourceTree = "<group>"; };
		DAD47D2C1832615900E173A0 /* ic_strike.png */ = {isa = PBXFileReference; lastKnownFileType = image.png; name = ic_strike.png; path = resources/ic_strike.png; sourceTree = "<group>"; };
		DAD47D2D1832615900E173A0 /* ic_underline.png */ = {isa = PBXFileReference; lastKnownFileType = image.png; name = ic_underline.png; path = resources/ic_underline.png; sourceTree = "<group>"; };
		DAD72803183E6F33005C14FA /* ic_trash.png */ = {isa = PBXFileReference; lastKnownFileType = image.png; name = ic_trash.png; path = resources/ic_trash.png; sourceTree = "<group>"; };
		DADF824C1905241900855662 /* ic_share.png */ = {isa = PBXFileReference; lastKnownFileType = image.png; name = ic_share.png; path = resources/ic_share.png; sourceTree = "<group>"; };
/* End PBXFileReference section */

/* Begin PBXFrameworksBuildPhase section */
		968E1E3A1779A54F0050CEA3 /* Frameworks */ = {
			isa = PBXFrameworksBuildPhase;
			buildActionMask = 2147483647;
			files = (
				96C8ED1C1779A9AF00A30AF4 /* libmupdf.a in Frameworks */,
				96C8ED1B1779A9AF00A30AF4 /* libmupdfthird.a in Frameworks */,
			);
			runOnlyForDeploymentPostprocessing = 0;
		};
/* End PBXFrameworksBuildPhase section */

/* Begin PBXGroup section */
		4D145CA22826236500D9EB38 /* Classes */ = {
			isa = PBXGroup;
			children = (
				4D145CA32826236500D9EB38 /* MuAppDelegate.h */,
				4D145CA42826236500D9EB38 /* MuAppDelegate.m */,
			);
			path = Classes;
			sourceTree = "<group>";
		};
		4D145CA52826236500D9EB38 /* SpecClasses */ = {
			isa = PBXGroup;
			children = (
				4D145CBE2826236500D9EB38 /* common.h */,
				4D145CA72826236500D9EB38 /* common.m */,
				4D145CAA2826236500D9EB38 /* MuAnnotation.h */,
				4D145CBA2826236500D9EB38 /* MuAnnotation.m */,
				4D145CCA2826236500D9EB38 /* MuAnnotSelectView.h */,
				4D145CB02826236500D9EB38 /* MuAnnotSelectView.m */,
				4D145CB82826236500D9EB38 /* MuChoiceFieldController.h */,
				4D145CCB2826236500D9EB38 /* MuChoiceFieldController.m */,
				4D145CAF2826236500D9EB38 /* MuChoiceFieldController.xib */,
				4D145CB92826236500D9EB38 /* MuDialogCreator.h */,
				4D145CC82826236500D9EB38 /* MuDocRef.h */,
				4D145CB22826236500D9EB38 /* MuDocRef.m */,
				4D145CBB2826236500D9EB38 /* MuDocumentController.h */,
				4D145CA92826236500D9EB38 /* MuDocumentController.m */,
				4D145CC32826236500D9EB38 /* MuHitView.h */,
				4D145CAC2826236500D9EB38 /* MuHitView.m */,
				4D145CB72826236500D9EB38 /* MuInkView.h */,
				4D145CCC2826236500D9EB38 /* MuInkView.m */,
				4D145CB32826236500D9EB38 /* MuLibraryController.h */,
				4D145CC72826236500D9EB38 /* MuLibraryController.m */,
				4D145CC92826236500D9EB38 /* MuOutlineController.h */,
				4D145CB12826236500D9EB38 /* MuOutlineController.m */,
				4D145CB62826236500D9EB38 /* MuPageView.h */,
				4D145CBC2826236500D9EB38 /* MuPageViewNormal.h */,
				4D145CA82826236500D9EB38 /* MuPageViewNormal.m */,
				4D145CAD2826236500D9EB38 /* MuPageViewReflow.h */,
				4D145CC12826236500D9EB38 /* MuPageViewReflow.m */,
				4D145CC52826236500D9EB38 /* MuPrintPageRenderer.h */,
				4D145CB52826236500D9EB38 /* MuPrintPageRenderer.m */,
				4D145CB42826236500D9EB38 /* MuTapResult.h */,
				4D145CC62826236500D9EB38 /* MuTapResult.m */,
				4D145CA62826236500D9EB38 /* MuTextFieldController.h */,
				4D145CBF2826236500D9EB38 /* MuTextFieldController.m */,
				4D145CBD2826236500D9EB38 /* MuTextFieldController.xib */,
				4D145CC22826236500D9EB38 /* MuTextSelectView.h */,
				4D145CAE2826236500D9EB38 /* MuTextSelectView.m */,
				4D145CC02826236500D9EB38 /* MuUpdater.h */,
				4D145CC42826236500D9EB38 /* MuWord.h */,
				4D145CAB2826236500D9EB38 /* MuWord.m */,
			);
			path = SpecClasses;
			sourceTree = "<group>";
		};
		968E1E341779A54F0050CEA3 = {
			isa = PBXGroup;
			children = (
				4D145CA22826236500D9EB38 /* Classes */,
				4D145CA52826236500D9EB38 /* SpecClasses */,
				96C8ED001779A88E00A30AF4 /* main.m */,
				968E1E461779A54F0050CEA3 /* Resources */,
				968E1E3F1779A54F0050CEA3 /* Frameworks */,
				968E1E3E1779A54F0050CEA3 /* Products */,
			);
			sourceTree = "<group>";
			usesTabs = 1;
		};
		968E1E3E1779A54F0050CEA3 /* Products */ = {
			isa = PBXGroup;
			children = (
				968E1E3D1779A54F0050CEA3 /* MuPDF.app */,
				96C8ED151779A9AE00A30AF4 /* libmupdf.a */,
				96C8ED141779A9AE00A30AF4 /* libmupdfthird.a */,
			);
			name = Products;
			sourceTree = "<group>";
		};
		968E1E3F1779A54F0050CEA3 /* Frameworks */ = {
			isa = PBXGroup;
			children = (
			);
			name = Frameworks;
			sourceTree = "<group>";
		};
		968E1E461779A54F0050CEA3 /* Resources */ = {
			isa = PBXGroup;
			children = (
				7C6152E719DDD6A90095ECAC /* Images.xcassets */,
				7C6152E919DDF05B0095ECAC /* Launch Screen.xib */,
				DADF824C1905241900855662 /* ic_share.png */,
				DA7AAA3A18E45FA300A577E3 /* ic_annotation.png */,
				DA32FC7218E33CC7001D7902 /* ic_print.png */,
				DAD72803183E6F33005C14FA /* ic_trash.png */,
				DACD12261833CDA600D4B9C5 /* ic_check.png */,
				DAD47D2B1832615900E173A0 /* ic_highlight.png */,
				DAD47D2C1832615900E173A0 /* ic_strike.png */,
				DAD47D2D1832615900E173A0 /* ic_underline.png */,
				DA442E2C183B796F008EF49B /* ic_pen.png */,
				DAD47D291832475C00E173A0 /* ic_more.png */,
				DAB9F4C117F1CB6D00117D2E /* ic_reflow.png */,
				DAB9F4B517F1B24000117D2E /* ic_arrow_left.png */,
				DAB9F4B617F1B24000117D2E /* ic_arrow_right.png */,
				DAB9F4B717F1B24000117D2E /* ic_cancel.png */,
				DAB9F4B817F1B24000117D2E /* ic_link.png */,
				DAB9F4B917F1B24000117D2E /* ic_list.png */,
				DAB9F4BA17F1B24000117D2E /* ic_magnifying_glass.png */,
				96E1CDEC1779A60700FCF717 /* x_alt_blue.png */,
				96E1CDED1779A60700FCF717 /* x_alt_blue@2x.png */,
				968E1E481779A54F0050CEA3 /* Info.plist */,
			);
			name = Resources;
			sourceTree = SOURCE_ROOT;
		};
/* End PBXGroup section */

/* Begin PBXLegacyTarget section */
		963AD8CB17D5FFD9000B0779 /* Generate */ = {
			isa = PBXLegacyTarget;
			buildArgumentsString = generate;
			buildConfigurationList = 963AD8CE17D5FFD9000B0779 /* Build configuration list for PBXLegacyTarget "Generate" */;
			buildPhases = (
			);
			buildToolPath = /usr/bin/make;
			buildWorkingDirectory = libmupdf;
			dependencies = (
			);
			name = Generate;
			passBuildSettingsInEnvironment = 0;
			productName = Generate;
		};
/* End PBXLegacyTarget section */

/* Begin PBXNativeTarget section */
		968E1E3C1779A54F0050CEA3 /* MuPDF */ = {
			isa = PBXNativeTarget;
			buildConfigurationList = 968E1E5A1779A54F0050CEA3 /* Build configuration list for PBXNativeTarget "MuPDF" */;
			buildPhases = (
				9614D56A1779A81D00F1879E /* ShellScript */,
				968E1E391779A54F0050CEA3 /* Sources */,
				968E1E3A1779A54F0050CEA3 /* Frameworks */,
				968E1E3B1779A54F0050CEA3 /* Resources */,
				C9E0CC68196EE93F006EB94D /* ShellScript */,
			);
			buildRules = (
			);
			dependencies = (
				963AD8D017D60084000B0779 /* PBXTargetDependency */,
			);
			name = MuPDF;
			productName = MuPDF;
			productReference = 968E1E3D1779A54F0050CEA3 /* MuPDF.app */;
			productType = "com.apple.product-type.application";
		};
/* End PBXNativeTarget section */

/* Begin PBXProject section */
		968E1E351779A54F0050CEA3 /* Project object */ = {
			isa = PBXProject;
			attributes = {
				CLASSPREFIX = Mu;
				LastUpgradeCheck = 0810;
				ORGANIZATIONNAME = "Artifex Software, Inc";
				TargetAttributes = {
					968E1E3C1779A54F0050CEA3 = {
						DevelopmentTeam = RTENU35CJF;
					};
				};
			};
			buildConfigurationList = 968E1E381779A54F0050CEA3 /* Build configuration list for PBXProject "MuPDF" */;
			compatibilityVersion = "Xcode 3.2";
			developmentRegion = English;
			hasScannedForEncodings = 0;
			knownRegions = (
				English,
				en,
			);
			mainGroup = 968E1E341779A54F0050CEA3;
			productRefGroup = 968E1E3E1779A54F0050CEA3 /* Products */;
			projectDirPath = "";
			projectRoot = "";
			targets = (
				963AD8CB17D5FFD9000B0779 /* Generate */,
				968E1E3C1779A54F0050CEA3 /* MuPDF */,
			);
		};
/* End PBXProject section */

/* Begin PBXResourcesBuildPhase section */
		968E1E3B1779A54F0050CEA3 /* Resources */ = {
			isa = PBXResourcesBuildPhase;
			buildActionMask = 2147483647;
			files = (
				DA7AAA3B18E4683600A577E3 /* ic_annotation.png in Resources */,
				DA7AAA3C18E4683600A577E3 /* ic_print.png in Resources */,
				4D145CDA2826236500D9EB38 /* MuTextFieldController.xib in Resources */,
				96E1CDF31779A60700FCF717 /* x_alt_blue.png in Resources */,
				7C6152E819DDD6A90095ECAC /* Images.xcassets in Resources */,
				96E1CDF41779A60700FCF717 /* x_alt_blue@2x.png in Resources */,
				DAB9F4BB17F1B24000117D2E /* ic_arrow_left.png in Resources */,
				DAB9F4BC17F1B24000117D2E /* ic_arrow_right.png in Resources */,
				DAB9F4BD17F1B24000117D2E /* ic_cancel.png in Resources */,
				DAB9F4BE17F1B24000117D2E /* ic_link.png in Resources */,
				DAB9F4BF17F1B24000117D2E /* ic_list.png in Resources */,
				DAB9F4C017F1B24000117D2E /* ic_magnifying_glass.png in Resources */,
				7C6152EA19DDF05B0095ECAC /* Launch Screen.xib in Resources */,
				DAB9F4C217F1CB6D00117D2E /* ic_reflow.png in Resources */,
				DAD47D2A1832475C00E173A0 /* ic_more.png in Resources */,
				DAD47D2E1832615900E173A0 /* ic_highlight.png in Resources */,
				DAD47D2F1832615900E173A0 /* ic_strike.png in Resources */,
				DAD47D301832615900E173A0 /* ic_underline.png in Resources */,
				DACD12271833CDA600D4B9C5 /* ic_check.png in Resources */,
				DA442E2D183B796F008EF49B /* ic_pen.png in Resources */,
				4D145CD42826236500D9EB38 /* MuChoiceFieldController.xib in Resources */,
				DAD72804183E6F33005C14FA /* ic_trash.png in Resources */,
				DADF824D1905242800855662 /* ic_share.png in Resources */,
			);
			runOnlyForDeploymentPostprocessing = 0;
		};
/* End PBXResourcesBuildPhase section */

/* Begin PBXShellScriptBuildPhase section */
		9614D56A1779A81D00F1879E /* ShellScript */ = {
			isa = PBXShellScriptBuildPhase;
			buildActionMask = 2147483647;
			files = (
			);
			inputPaths = (
			);
			outputPaths = (
				"$(DERIVED_FILE_DIR)/libmupdf.a",
				"$(DERIVED_FILE_DIR)/libmupdfthird.a",
			);
			runOnlyForDeploymentPostprocessing = 0;
			shellPath = /bin/sh;
			shellScript = "bash build_libs.sh\n";
		};
		C9E0CC68196EE93F006EB94D /* ShellScript */ = {
			isa = PBXShellScriptBuildPhase;
			buildActionMask = 2147483647;
			files = (
			);
			inputPaths = (
			);
			outputPaths = (
			);
			runOnlyForDeploymentPostprocessing = 0;
			shellPath = /bin/sh;
			shellScript = "if [ \"$COMMAND_LINE_POSTBUILD_SCRIPT\" != \"\" ] ;\nthen\n    exec bash $COMMAND_LINE_POSTBUILD_SCRIPT\nfi\n";
		};
/* End PBXShellScriptBuildPhase section */

/* Begin PBXSourcesBuildPhase section */
		968E1E391779A54F0050CEA3 /* Sources */ = {
			isa = PBXSourcesBuildPhase;
			buildActionMask = 2147483647;
			files = (
				4D145CD92826236500D9EB38 /* MuAnnotation.m in Sources */,
				4D145CD62826236500D9EB38 /* MuOutlineController.m in Sources */,
				4D145CD32826236500D9EB38 /* MuTextSelectView.m in Sources */,
				4D145CDD2826236500D9EB38 /* MuTapResult.m in Sources */,
				4D145CD52826236500D9EB38 /* MuAnnotSelectView.m in Sources */,
				4D145CE02826236500D9EB38 /* MuInkView.m in Sources */,
				4D145CD22826236500D9EB38 /* MuHitView.m in Sources */,
				4D145CDB2826236500D9EB38 /* MuTextFieldController.m in Sources */,
				4D145CDC2826236500D9EB38 /* MuPageViewReflow.m in Sources */,
				4D145CD02826236500D9EB38 /* MuDocumentController.m in Sources */,
				4D145CD82826236500D9EB38 /* MuPrintPageRenderer.m in Sources */,
				4D145CCE2826236500D9EB38 /* common.m in Sources */,
				4D145CDE2826236500D9EB38 /* MuLibraryController.m in Sources */,
				4D145CD72826236500D9EB38 /* MuDocRef.m in Sources */,
				4D145CDF2826236500D9EB38 /* MuChoiceFieldController.m in Sources */,
				4D145CD12826236500D9EB38 /* MuWord.m in Sources */,
				4D145CCF2826236500D9EB38 /* MuPageViewNormal.m in Sources */,
				4D145CCD2826236500D9EB38 /* MuAppDelegate.m in Sources */,
				96C8ED011779A88E00A30AF4 /* main.m in Sources */,
			);
			runOnlyForDeploymentPostprocessing = 0;
		};
/* End PBXSourcesBuildPhase section */

/* Begin PBXTargetDependency section */
		963AD8D017D60084000B0779 /* PBXTargetDependency */ = {
			isa = PBXTargetDependency;
			target = 963AD8CB17D5FFD9000B0779 /* Generate */;
			targetProxy = 963AD8CF17D60084000B0779 /* PBXContainerItemProxy */;
		};
/* End PBXTargetDependency section */

/* Begin XCBuildConfiguration section */
		963AD8CC17D5FFD9000B0779 /* Debug */ = {
			isa = XCBuildConfiguration;
			buildSettings = {
				PRODUCT_NAME = "$(TARGET_NAME)";
				SDKROOT = macosx;
			};
			name = Debug;
		};
		963AD8CD17D5FFD9000B0779 /* Release */ = {
			isa = XCBuildConfiguration;
			buildSettings = {
				PRODUCT_NAME = "$(TARGET_NAME)";
				SDKROOT = macosx;
			};
			name = Release;
		};
		968E1E581779A54F0050CEA3 /* Debug */ = {
			isa = XCBuildConfiguration;
			buildSettings = {
				CLANG_ENABLE_MODULES = YES;
				CLANG_MODULES_AUTOLINK = YES;
				CLANG_WARN_BOOL_CONVERSION = YES;
				CLANG_WARN_CONSTANT_CONVERSION = YES;
				CLANG_WARN_EMPTY_BODY = YES;
				CLANG_WARN_ENUM_CONVERSION = YES;
				CLANG_WARN_INFINITE_RECURSION = YES;
				CLANG_WARN_INT_CONVERSION = YES;
				CLANG_WARN_OBJC_ROOT_CLASS = YES_ERROR;
				CLANG_WARN_SUSPICIOUS_MOVE = YES;
				CLANG_WARN_UNREACHABLE_CODE = YES;
				CLANG_WARN__DUPLICATE_METHOD_MATCH = YES;
				COMMAND_LINE_DEFINES = "";
				COMMAND_LINE_FRAMEWORK_SEARCH_PATHS = "";
				COMMAND_LINE_LINKER_FLAGS = "";
				ENABLE_STRICT_OBJC_MSGSEND = YES;
				ENABLE_TESTABILITY = YES;
				FRAMEWORK_SEARCH_PATHS = "$(COMMAND_LINE_FRAMEWORKS_SEARCH_PATH)";
				GCC_NO_COMMON_BLOCKS = YES;
				GCC_PREPROCESSOR_DEFINITIONS = "$(COMMAND_LINE_DEFINES)";
				GCC_WARN_64_TO_32_BIT_CONVERSION = YES;
				GCC_WARN_ABOUT_RETURN_TYPE = YES_ERROR;
				GCC_WARN_UNDECLARED_SELECTOR = YES;
				GCC_WARN_UNINITIALIZED_AUTOS = YES_AGGRESSIVE;
				GCC_WARN_UNUSED_FUNCTION = YES;
				GCC_WARN_UNUSED_VARIABLE = YES;
				IPHONEOS_DEPLOYMENT_TARGET = 8.0;
				ONLY_ACTIVE_ARCH = YES;
				OTHER_LDFLAGS = "$(COMMAND_LINE_LINKER_FLAGS)";
			};
			name = Debug;
		};
		968E1E591779A54F0050CEA3 /* Release */ = {
			isa = XCBuildConfiguration;
			buildSettings = {
				CLANG_ENABLE_MODULES = YES;
				CLANG_MODULES_AUTOLINK = YES;
				CLANG_WARN_BOOL_CONVERSION = YES;
				CLANG_WARN_CONSTANT_CONVERSION = YES;
				CLANG_WARN_EMPTY_BODY = YES;
				CLANG_WARN_ENUM_CONVERSION = YES;
				CLANG_WARN_INFINITE_RECURSION = YES;
				CLANG_WARN_INT_CONVERSION = YES;
				CLANG_WARN_OBJC_ROOT_CLASS = YES_ERROR;
				CLANG_WARN_SUSPICIOUS_MOVE = YES;
				CLANG_WARN_UNREACHABLE_CODE = YES;
				CLANG_WARN__DUPLICATE_METHOD_MATCH = YES;
				COMMAND_LINE_DEFINES = "";
				COMMAND_LINE_FRAMEWORK_SEARCH_PATHS = "";
				COMMAND_LINE_LINKER_FLAGS = "";
				ENABLE_STRICT_OBJC_MSGSEND = YES;
				FRAMEWORK_SEARCH_PATHS = "$(COMMAND_LINE_FRAMEWORKS_SEARCH_PATH)";
				GCC_NO_COMMON_BLOCKS = YES;
				GCC_PREPROCESSOR_DEFINITIONS = "$(COMMAND_LINE_DEFINES)";
				GCC_WARN_64_TO_32_BIT_CONVERSION = YES;
				GCC_WARN_ABOUT_RETURN_TYPE = YES_ERROR;
				GCC_WARN_UNDECLARED_SELECTOR = YES;
				GCC_WARN_UNINITIALIZED_AUTOS = YES_AGGRESSIVE;
				GCC_WARN_UNUSED_FUNCTION = YES;
				GCC_WARN_UNUSED_VARIABLE = YES;
				IPHONEOS_DEPLOYMENT_TARGET = 8.0;
				OTHER_LDFLAGS = "$(COMMAND_LINE_LINKER_FLAGS)";
			};
			name = Release;
		};
		968E1E5B1779A54F0050CEA3 /* Debug */ = {
			isa = XCBuildConfiguration;
			buildSettings = {
				ASSETCATALOG_COMPILER_APPICON_NAME = AppIcon;
				CODE_SIGN_IDENTITY = "iPhone Developer";
				"CODE_SIGN_IDENTITY[sdk=iphoneos*]" = "iPhone Developer";
				DEVELOPMENT_TEAM = RTENU35CJF;
				EXCLUDED_ARCHS = "i386 armv7 armv7s";
				GCC_OPTIMIZATION_LEVEL = 0;
				INFOPLIST_FILE = "$(SRCROOT)/Info.plist";
				IPHONEOS_DEPLOYMENT_TARGET = 11.0;
				PRODUCT_BUNDLE_IDENTIFIER = com.mk.artifex.mupdf;
				PRODUCT_NAME = "$(TARGET_NAME)";
				PROVISIONING_PROFILE = "";
				SDKROOT = iphoneos;
				TARGETED_DEVICE_FAMILY = "1,2";
				USER_HEADER_SEARCH_PATHS = libmupdf/include;
			};
			name = Debug;
		};
		968E1E5C1779A54F0050CEA3 /* Release */ = {
			isa = XCBuildConfiguration;
			buildSettings = {
				ASSETCATALOG_COMPILER_APPICON_NAME = AppIcon;
				CODE_SIGN_IDENTITY = "iPhone Developer";
				"CODE_SIGN_IDENTITY[sdk=iphoneos*]" = "iPhone Developer";
				DEVELOPMENT_TEAM = RTENU35CJF;
				EXCLUDED_ARCHS = "i386 armv7 armv7s";
				GCC_OPTIMIZATION_LEVEL = s;
				INFOPLIST_FILE = "$(SRCROOT)/Info.plist";
				IPHONEOS_DEPLOYMENT_TARGET = 11.0;
				ONLY_ACTIVE_ARCH = YES;
				PRODUCT_BUNDLE_IDENTIFIER = com.mk.artifex.mupdf;
				PRODUCT_NAME = "$(TARGET_NAME)";
				PROVISIONING_PROFILE = "";
				SDKROOT = iphoneos;
				TARGETED_DEVICE_FAMILY = "1,2";
				USER_HEADER_SEARCH_PATHS = libmupdf/include;
			};
			name = Release;
		};
/* End XCBuildConfiguration section */

/* Begin XCConfigurationList section */
		963AD8CE17D5FFD9000B0779 /* Build configuration list for PBXLegacyTarget "Generate" */ = {
			isa = XCConfigurationList;
			buildConfigurations = (
				963AD8CC17D5FFD9000B0779 /* Debug */,
				963AD8CD17D5FFD9000B0779 /* Release */,
			);
			defaultConfigurationIsVisible = 0;
			defaultConfigurationName = Release;
		};
		968E1E381779A54F0050CEA3 /* Build configuration list for PBXProject "MuPDF" */ = {
			isa = XCConfigurationList;
			buildConfigurations = (
				968E1E581779A54F0050CEA3 /* Debug */,
				968E1E591779A54F0050CEA3 /* Release */,
			);
			defaultConfigurationIsVisible = 0;
			defaultConfigurationName = Release;
		};
		968E1E5A1779A54F0050CEA3 /* Build configuration list for PBXNativeTarget "MuPDF" */ = {
			isa = XCConfigurationList;
			buildConfigurations = (
				968E1E5B1779A54F0050CEA3 /* Debug */,
				968E1E5C1779A54F0050CEA3 /* Release */,
			);
			defaultConfigurationIsVisible = 0;
			defaultConfigurationName = Release;
		};
/* End XCConfigurationList section */
	};
	rootObject = 968E1E351779A54F0050CEA3 /* Project object */;
}
